github.com/forestgiant/disco v0.0.0-20171003144509-72c7af3ba082 h1:5q1UC496CxCWeeARb7ZD0yOHeOUmplMZ0zJtLKqr1Jk=
github.com/forestgiant/disco v0.0.0-20171003144509-72c7af3ba082/go.mod h1:q/qOdoxWnNiJs8K+JXOwPAkLz8Bfd7+O7x/oX9f8DNQ=
github.com/forestgiant/grpclog v0.0.0-20170309235745-4b1b16a1f3ae h1:2v0GsaFhfjUASnGKq8pFqlg0vPPzFjjB7+jwsdtnwBI=
github.com/forestgiant/grpclog v0.0.0-20170309235745-4b1b16a1f3ae/go.mod h1:pTCMrvL4yVwneIo45zAy1kMym7sStyC1Z9dF+H7uANY=
github.com/forestgiant/log v0.0.0-20170310172418-d54ab7bd91fd h1:ibJvIv+KIPW6La9v+YFvaCbI9FUUtiROuPyGD32nwsU=
github.com/forestgiant/log v0.0.0-20170310172418-d54ab7bd91fd/go.mod h1:JM5nQlcOpfcBG9HPNulb3Hia4/ThOxorqLjDUx/4YsQ=
github.com/forestgiant/netutil v0.0.0-20160910031854-b4c1eac0cbe7 h1:WhLo8QtKV9fHoYYeA/t7a+nKZyzHx3IZX4p8kjCucdo=
github.com/forestgiant/netutil v0.0.0-20160910031854-b4c1eac0cbe7/go.mod h1:0sJ9MMRdKS/YkoxUaLDZHXTgR9/Vk7qgJdgKMFiAAjQ=
github.com/forestgiant/portutil v0.0.0-20160726003509-3c372a3abdb9/go.mod h1:VH+BTcetdvmIXfOMPdFBK9xR58XK6sK0hzkHIjMHntE=
github.com/forestgiant/semver v0.0.0-20151201132831-6bd1a51bb1c2 h1:Jntw0EU6Wa8SNZk9XEMdt4zuGEIXA7THV152pjkslQ4=
github.com/forestgiant/semver v0.0.0-20151201132831-6bd1a51bb1c2/go.mod h1:Nvptihp4NprCvoGCBRQae3dfvs110Axp5CangILmgOc=
github.com/go-logfmt/logfmt v0.3.0 h1:8HUsc87TaSWLKwrnumgC8/YconD2fJQsRJAsWaPg2ic=
github.com/go-logfmt/logfmt v0.3.0/go.mod h1:Qt1PoO58o5twSAckw1HlFXLmHsOX5/0LbT9GBnD5lWE=
github.com/golang/protobuf v0.0.0-20170920220647-130e6b02ab05 h1:Kesru7U6Mhpf/x7rthxAKnr586VFmoE2NdEvkOKvfjg=
github.com/golang/protobuf v0.0.0-20170920220647-130e6b02ab05/go.mod h1:6lQm79b+lXiMfvg/cZm0SGofjICqVBUtrP5yJMmIC1U=
github.com/kr/logfmt v0.0.0-20140226030751-b84e30acd515/go.mod h1:+0opPa2QZZtGFBFZlji/RkVcI2GknAs/DXo4wKdlNEc=
golang.org/x/net v0.0.0-20170927055102-0a9397675ba3 h1:tTDpczhDVjW6WN3DinzKcw5juwkDTVn22I7MNlfxSXM=
golang.org/x/net v0.0.0-20170927055102-0a9397675ba3/go.mod h1:mL1N/T3taQHkDXs73rZJwtUhF3w3ftmwwsq0BUmARs4=
golang.org/x/text v0.1.1-0.20170915090833-1cbadb444a80 h1:QfbDb2RQkRI2wdkeI7RuwRRLtivUM+917wtHZln6uCk=
golang.org/x/text v0.1.1-0.20170915090833-1cbadb444a80/go.mod h1:NqM8EUOU14njkJ3fqMW+pc6Ldnwhi/IjpwHt7yyuwOQ=
google.golang.org/genproto v0.0.0-20171002232614-f676e0f3ac63 h1:yNBw5bwywOTguAu+h6SkCUaWdEZ7ZXgfiwb2YTN1eQw=
google.golang.org/genproto v0.0.0-20171002232614-f676e0f3ac63/go.mod h1:JiN7NxoALGmiZfu7CAH4rXhgtRTLTxftemlI0sWmxmc=
google.golang.org/grpc v1.6.0 h1:vaySXtNtPrLJFCiET8QXtfBrqq16ynklmFGaZwLcd1M=
google.golang.org/grpc v1.6.0/go.mod h1:yo6s7OP7yaDglbqo1J04qKzAhqBH6lvTonzMVmEdcZw=
