# This file is autogenerated, do not edit; changes may be undone by the next 'dep ensure'.


[[projects]]
  branch = "master"
  name = "github.com/forestgiant/disco"
  packages = [".","multicast","node"]
  revision = "ff49d595e5a74d4e9fa09a86ea158a3e741c1d54"

[[projects]]
  branch = "master"
  name = "github.com/forestgiant/grpclog"
  packages = ["."]
  revision = "4b1b16a1f3ae8319cc2f38e4aa37cde6fdea1f5f"

[[projects]]
  branch = "master"
  name = "github.com/forestgiant/log"
  packages = ["."]
  revision = "d54ab7bd91fd4bd72c98964489c00653cad2ab12"

[[projects]]
  branch = "master"
  name = "github.com/forestgiant/netutil"
  packages = ["."]
  revision = "b4c1eac0cbe7869ce77b2e13b8e692668c914d20"

[[projects]]
  branch = "master"
  name = "github.com/forestgiant/portutil"
  packages = ["."]
  revision = "3c372a3abdb9916fcf53ad0f6daa8a5842302988"

[[projects]]
  name = "github.com/forestgiant/semver"
  packages = ["."]
  revision = "6bd1a51bb1c2f96fe24cf98acb62bf6ae5253619"
  version = "0.2.1"

[[projects]]
  name = "github.com/go-logfmt/logfmt"
  packages = ["."]
  revision = "390ab7935ee28ec6b286364bba9b4dd6410cb3d5"
  version = "v0.3.0"

[[projects]]
  branch = "master"
  name = "github.com/golang/protobuf"
  packages = ["proto","ptypes","ptypes/any","ptypes/duration","ptypes/timestamp"]
  revision = "130e6b02ab059e7b717a096f397c5b60111cae74"

[[projects]]
  branch = "master"
  name = "github.com/kr/logfmt"
  packages = ["."]
  revision = "b84e30acd515aadc4b783ad4ff83aff3299bdfe0"

[[projects]]
  branch = "master"
  name = "golang.org/x/net"
  packages = ["bpf","context","http2","http2/hpack","idna","internal/iana","internal/socket","internal/timeseries","ipv6","lex/httplex","trace"]
  revision = "0744d001aa8470aaa53df28d32e5ceeb8af9bd70"

[[projects]]
  branch = "master"
  name = "golang.org/x/text"
  packages = ["collate","collate/build","internal/colltab","internal/gen","internal/tag","internal/triegen","internal/ucd","language","secure/bidirule","transform","unicode/bidi","unicode/cldr","unicode/norm","unicode/rangetable"]
  revision = "1cbadb444a806fd9430d14ad08967ed91da4fa0a"

[[projects]]
  branch = "master"
  name = "google.golang.org/genproto"
  packages = ["googleapis/rpc/status"]
  revision = "1e559d0a00eef8a9a43151db4665280bd8dd5886"

[[projects]]
  name = "google.golang.org/grpc"
  packages = [".","codes","connectivity","credentials","grpclb/grpc_lb_v1/messages","grpclog","internal","keepalive","metadata","naming","peer","stats","status","tap","transport"]
  revision = "f92cdcd7dcdc69e81b2d7b338479a19a8723cfa3"
  version = "v1.6.0"

[solve-meta]
  analyzer-name = "dep"
  analyzer-version = 1
  inputs-digest = "17a7a6fa868ce3e995595d42c8ead5aa47d1f862c191eef0ae43c2b92f6c022a"
  solver-name = "gps-cdcl"
  solver-version = 1
